
Microsoft Visual Studio Solution File, Format Version 12.00
# Visual Studio Version 16
VisualStudioVersion = 16.0.34902.97
MinimumVisualStudioVersion = 10.0.40219.1
Project("{CC5FD16D-436D-48AD-A40C-5A424C6E3E79}") = "Portfolio", "Portfolio\Portfolio.ccproj", "{9972A0C5-6B26-40AD-91CD-E6B2D5D54410}"
EndProject
Project("{FAE04EC0-301F-11D3-BF4B-00C04F79EFBC}") = "PortfolioService", "PortfolioService\PortfolioService.csproj", "{8EE3F7DE-E67E-43E6-851D-5EB300B88AC8}"
EndProject
Project("{FAE04EC0-301F-11D3-BF4B-00C04F79EFBC}") = "NotificationService", "NotificationService\NotificationService.csproj", "{3B736F84-027A-4EBE-A729-5D2F83852097}"
EndProject
Project("{FAE04EC0-301F-11D3-BF4B-00C04F79EFBC}") = "HealthMonitoringService", "HealthMonitoringService\HealthMonitoringService.csproj", "{5977E49D-DAFC-4279-A04B-404DAEB0217B}"
EndProject
Project("{FAE04EC0-301F-11D3-BF4B-00C04F79EFBC}") = "HealthStatusService", "HealthStatusService\HealthStatusService.csproj", "{6CC03468-7C37-4914-9B16-5A809FBC937F}"
EndProject
Project("{2150E333-8FDC-42A3-9474-1A3956D46DE8}") = "Data", "Data", "{9EF10253-F946-439A-95E1-F16C09FA9C61}"
EndProject
Project("{2150E333-8FDC-42A3-9474-1A3956D46DE8}") = "User_Data", "User_Data", "{C2BB4461-5465-401B-AEAE-E0300F8A9683}"
EndProject
Project("{FAE04EC0-301F-11D3-BF4B-00C04F79EFBC}") = "User_Data", "User_Data\User_Data.csproj", "{A846F410-665E-411C-B8F9-99D01083EF6A}"
EndProject
Project("{FAE04EC0-301F-11D3-BF4B-00C04F79EFBC}") = "TransactionHistory_Data", "Data\TransactionHistory_Data\TransactionHistory_Data.csproj", "{A9AF05F7-79EB-4E87-AD0A-15ACADE8E18E}"
EndProject
Project("{FAE04EC0-301F-11D3-BF4B-00C04F79EFBC}") = "Crypto_Data", "Data\Crypto_Data\Crypto_Data.csproj", "{317C0248-528C-4F53-ABCE-C318FF8694A5}"
EndProject
Project("{2150E333-8FDC-42A3-9474-1A3956D46DE8}") = "Crypto_Data", "Crypto_Data", "{0A6EB47F-8C92-4032-8047-BA8509F93E12}"
EndProject
Project("{2150E333-8FDC-42A3-9474-1A3956D46DE8}") = "TransactionHistory_Data", "TransactionHistory_Data", "{D080F70D-0C08-48AA-89CD-FFC2192359E3}"
EndProject
Project("{FAE04EC0-301F-11D3-BF4B-00C04F79EFBC}") = "Alarm_Data", "Data\Alarm_Data\Alarm_Data.csproj", "{265341C2-229A-42EA-877E-AA52C90AB9E5}"
EndProject
Project("{2150E333-8FDC-42A3-9474-1A3956D46DE8}") = "Alarm_Data", "Alarm_Data", "{7DA8C81B-0A75-4F46-BB0D-F3934ECBC5AB}"
EndProject
Global
	GlobalSection(SolutionConfigurationPlatforms) = preSolution
		Debug|Any CPU = Debug|Any CPU
		Release|Any CPU = Release|Any CPU
	EndGlobalSection
	GlobalSection(ProjectConfigurationPlatforms) = postSolution
		{9972A0C5-6B26-40AD-91CD-E6B2D5D54410}.Debug|Any CPU.ActiveCfg = Debug|Any CPU
		{9972A0C5-6B26-40AD-91CD-E6B2D5D54410}.Debug|Any CPU.Build.0 = Debug|Any CPU
		{9972A0C5-6B26-40AD-91CD-E6B2D5D54410}.Release|Any CPU.ActiveCfg = Release|Any CPU
		{9972A0C5-6B26-40AD-91CD-E6B2D5D54410}.Release|Any CPU.Build.0 = Release|Any CPU
		{8EE3F7DE-E67E-43E6-851D-5EB300B88AC8}.Debug|Any CPU.ActiveCfg = Debug|Any CPU
		{8EE3F7DE-E67E-43E6-851D-5EB300B88AC8}.Debug|Any CPU.Build.0 = Debug|Any CPU
		{8EE3F7DE-E67E-43E6-851D-5EB300B88AC8}.Release|Any CPU.ActiveCfg = Release|Any CPU
		{8EE3F7DE-E67E-43E6-851D-5EB300B88AC8}.Release|Any CPU.Build.0 = Release|Any CPU
		{3B736F84-027A-4EBE-A729-5D2F83852097}.Debug|Any CPU.ActiveCfg = Debug|Any CPU
		{3B736F84-027A-4EBE-A729-5D2F83852097}.Debug|Any CPU.Build.0 = Debug|Any CPU
		{3B736F84-027A-4EBE-A729-5D2F83852097}.Release|Any CPU.ActiveCfg = Release|Any CPU
		{3B736F84-027A-4EBE-A729-5D2F83852097}.Release|Any CPU.Build.0 = Release|Any CPU
		{5977E49D-DAFC-4279-A04B-404DAEB0217B}.Debug|Any CPU.ActiveCfg = Debug|Any CPU
		{5977E49D-DAFC-4279-A04B-404DAEB0217B}.Debug|Any CPU.Build.0 = Debug|Any CPU
		{5977E49D-DAFC-4279-A04B-404DAEB0217B}.Release|Any CPU.ActiveCfg = Release|Any CPU
		{5977E49D-DAFC-4279-A04B-404DAEB0217B}.Release|Any CPU.Build.0 = Release|Any CPU
		{6CC03468-7C37-4914-9B16-5A809FBC937F}.Debug|Any CPU.ActiveCfg = Debug|Any CPU
		{6CC03468-7C37-4914-9B16-5A809FBC937F}.Debug|Any CPU.Build.0 = Debug|Any CPU
		{6CC03468-7C37-4914-9B16-5A809FBC937F}.Release|Any CPU.ActiveCfg = Release|Any CPU
		{6CC03468-7C37-4914-9B16-5A809FBC937F}.Release|Any CPU.Build.0 = Release|Any CPU
		{A846F410-665E-411C-B8F9-99D01083EF6A}.Debug|Any CPU.ActiveCfg = Debug|Any CPU
		{A846F410-665E-411C-B8F9-99D01083EF6A}.Debug|Any CPU.Build.0 = Debug|Any CPU
		{A846F410-665E-411C-B8F9-99D01083EF6A}.Release|Any CPU.ActiveCfg = Release|Any CPU
		{A846F410-665E-411C-B8F9-99D01083EF6A}.Release|Any CPU.Build.0 = Release|Any CPU
		{A9AF05F7-79EB-4E87-AD0A-15ACADE8E18E}.Debug|Any CPU.ActiveCfg = Debug|Any CPU
		{A9AF05F7-79EB-4E87-AD0A-15ACADE8E18E}.Debug|Any CPU.Build.0 = Debug|Any CPU
		{A9AF05F7-79EB-4E87-AD0A-15ACADE8E18E}.Release|Any CPU.ActiveCfg = Release|Any CPU
		{A9AF05F7-79EB-4E87-AD0A-15ACADE8E18E}.Release|Any CPU.Build.0 = Release|Any CPU
		{317C0248-528C-4F53-ABCE-C318FF8694A5}.Debug|Any CPU.ActiveCfg = Debug|Any CPU
		{317C0248-528C-4F53-ABCE-C318FF8694A5}.Debug|Any CPU.Build.0 = Debug|Any CPU
		{317C0248-528C-4F53-ABCE-C318FF8694A5}.Release|Any CPU.ActiveCfg = Release|Any CPU
		{317C0248-528C-4F53-ABCE-C318FF8694A5}.Release|Any CPU.Build.0 = Release|Any CPU
		{265341C2-229A-42EA-877E-AA52C90AB9E5}.Debug|Any CPU.ActiveCfg = Debug|Any CPU
		{265341C2-229A-42EA-877E-AA52C90AB9E5}.Debug|Any CPU.Build.0 = Debug|Any CPU
		{265341C2-229A-42EA-877E-AA52C90AB9E5}.Release|Any CPU.ActiveCfg = Release|Any CPU
		{265341C2-229A-42EA-877E-AA52C90AB9E5}.Release|Any CPU.Build.0 = Release|Any CPU
	EndGlobalSection
	GlobalSection(SolutionProperties) = preSolution
		HideSolutionNode = FALSE
	EndGlobalSection
	GlobalSection(NestedProjects) = preSolution
		{C2BB4461-5465-401B-AEAE-E0300F8A9683} = {9EF10253-F946-439A-95E1-F16C09FA9C61}
		{A846F410-665E-411C-B8F9-99D01083EF6A} = {C2BB4461-5465-401B-AEAE-E0300F8A9683}
		{A9AF05F7-79EB-4E87-AD0A-15ACADE8E18E} = {D080F70D-0C08-48AA-89CD-FFC2192359E3}
		{317C0248-528C-4F53-ABCE-C318FF8694A5} = {0A6EB47F-8C92-4032-8047-BA8509F93E12}
		{0A6EB47F-8C92-4032-8047-BA8509F93E12} = {9EF10253-F946-439A-95E1-F16C09FA9C61}
		{D080F70D-0C08-48AA-89CD-FFC2192359E3} = {9EF10253-F946-439A-95E1-F16C09FA9C61}
		{265341C2-229A-42EA-877E-AA52C90AB9E5} = {7DA8C81B-0A75-4F46-BB0D-F3934ECBC5AB}
		{7DA8C81B-0A75-4F46-BB0D-F3934ECBC5AB} = {9EF10253-F946-439A-95E1-F16C09FA9C61}
	EndGlobalSection
	GlobalSection(ExtensibilityGlobals) = postSolution
		SolutionGuid = {397BF5AE-237A-4EB4-9EA3-7F9F03C94020}
	EndGlobalSection
EndGlobal
